{
  "requires": true,
  "lockfileVersion": 1,
  "dependencies": {
    "@types/file-saver": {
      "version": "2.0.2",
      "resolved": "https://registry.npmjs.org/@types/file-saver/-/file-saver-2.0.2.tgz",
      "integrity": "sha512-xbqnZmGrCEqi/KUzOkeUSe77p7APvLuyellGaAoeww3CHJ1AbjQWjPSCFtKIzZn8L7LpEax4NXnC+gfa6nM7IA=="
    }
  }
}
